
Microsoft Visual Studio Solution File, Format Version 12.00
# Visual Studio Version 17
VisualStudioVersion = 17.10.35013.160
MinimumVisualStudioVersion = 10.0.40219.1
Project("{FAE04EC0-301F-11D3-BF4B-00C04F79EFBC}") = "322_SergeevIlya_Reyzvikh", "322_SergeevIlya_Reyzvikh\322_SergeevIlya_Reyzvikh.csproj", "{71E2D1B6-4932-4C29-A77C-0EE3598E8E42}"
EndProject
Global
	GlobalSection(SolutionConfigurationPlatforms) = preSolution
		Debug|Any CPU = Debug|Any CPU
		Release|Any CPU = Release|Any CPU
	EndGlobalSection
	GlobalSection(ProjectConfigurationPlatforms) = postSolution
		{71E2D1B6-4932-4C29-A77C-0EE3598E8E42}.Debug|Any CPU.ActiveCfg = Debug|Any CPU
		{71E2D1B6-4932-4C29-A77C-0EE3598E8E42}.Debug|Any CPU.Build.0 = Debug|Any CPU
		{71E2D1B6-4932-4C29-A77C-0EE3598E8E42}.Release|Any CPU.ActiveCfg = Release|Any CPU
		{71E2D1B6-4932-4C29-A77C-0EE3598E8E42}.Release|Any CPU.Build.0 = Release|Any CPU
	EndGlobalSection
	GlobalSection(SolutionProperties) = preSolution
		HideSolutionNode = FALSE
	EndGlobalSection
	GlobalSection(ExtensibilityGlobals) = postSolution
		SolutionGuid = {853C2CDA-5369-40CA-BECE-7FCE02232562}
	EndGlobalSection
EndGlobal
